
Microsoft Visual Studio Solution File, Format Version 12.00
# Visual Studio Version 16
VisualStudioVersion = 16.0.29519.87
MinimumVisualStudioVersion = 10.0.40219.1
Project("{8BC9CEB8-8B4A-11D0-8D11-00A0C91BC942}") = "Day1_TheTyrannyOfTheRocketEquation_Part1", "Day1_TheTyrannyOfTheRocketEquation_Part1\Day1_TheTyrannyOfTheRocketEquation_Part1.vcxproj", "{54D97016-A6C0-4DE7-BF9B-C958B05BF053}"
EndProject
Project("{8BC9CEB8-8B4A-11D0-8D11-00A0C91BC942}") = "Day1_TheTyrannyOfTheRocketEquation_Common", "Day1_TheTyrannyOfTheRocketEquation_Common\Day1_TheTyrannyOfTheRocketEquation_Common.vcxitems", "{9A7CC873-2810-43BD-B77E-930792178233}"
EndProject
Project("{8BC9CEB8-8B4A-11D0-8D11-00A0C91BC942}") = "Day1_TheTyrannyOfTheRocketEquation_Part2", "Day1_TheTyrannyOfTheRocketEquation_Part2\Day1_TheTyrannyOfTheRocketEquation_Part2.vcxproj", "{1157CC08-F041-4F6D-9308-D5C42C0868F0}"
EndProject
Project("{8BC9CEB8-8B4A-11D0-8D11-00A0C91BC942}") = "Day2_1202ProgramAlarm_Common", "Day2_1202ProgramAlarm_Common\Day2_1202ProgramAlarm_Common.vcxitems", "{1189D6DC-2360-4A15-A801-BA930EA561A6}"
EndProject
Project("{8BC9CEB8-8B4A-11D0-8D11-00A0C91BC942}") = "Day2_1202ProgramAlarm_Part1", "Day2_1202ProgramAlarm_Part1\Day2_1202ProgramAlarm_Part1.vcxproj", "{AB8F8870-2210-416B-8E83-45255504A847}"
EndProject
Project("{8BC9CEB8-8B4A-11D0-8D11-00A0C91BC942}") = "Day2_1202ProgramAlarm_Part2", "Day2_1202ProgramAlarm_Part2\Day2_1202ProgramAlarm_Part2.vcxproj", "{67BCAFC4-883F-4A33-A949-293861A69F7A}"
EndProject
Project("{8BC9CEB8-8B4A-11D0-8D11-00A0C91BC942}") = "Day3_CrossedWires_Common", "Day3_CrossedWires_Common\Day3_CrossedWires_Common.vcxitems", "{8BA96379-C2B5-4584-8167-BE69DBAE8B07}"
EndProject
Project("{8BC9CEB8-8B4A-11D0-8D11-00A0C91BC942}") = "Day3_CrossedWires_Part1", "Day3_CrossedWires_Part1\Day3_CrossedWires_Part1.vcxproj", "{167E32CB-CE35-438D-B326-7ACF944BB034}"
EndProject
Project("{8BC9CEB8-8B4A-11D0-8D11-00A0C91BC942}") = "Day3_CrossedWires_Part2", "Day3_CrossedWires_Part2\Day3_CrossedWires_Part2.vcxproj", "{9C02E36F-8106-45A5-B701-24E385CED207}"
EndProject
Project("{8BC9CEB8-8B4A-11D0-8D11-00A0C91BC942}") = "Day4_SecureContainer_Common", "Day4_SecureContainer_Common\Day4_SecureContainer_Common.vcxitems", "{D0A1BFF6-D601-4019-9487-8B972FF5D431}"
EndProject
Project("{8BC9CEB8-8B4A-11D0-8D11-00A0C91BC942}") = "Day4_SecureContainer_Part1", "Day4_SecureContainer_Part1\Day4_SecureContainer_Part1.vcxproj", "{EDC90E46-1755-4192-A255-CB22EACFD27E}"
EndProject
Global
	GlobalSection(SharedMSBuildProjectFiles) = preSolution
		Day1_TheTyrannyOfTheRocketEquation_Common\Day1_TheTyrannyOfTheRocketEquation_Common.vcxitems*{1157cc08-f041-4f6d-9308-d5c42c0868f0}*SharedItemsImports = 4
		Day2_1202ProgramAlarm_Common\Day2_1202ProgramAlarm_Common.vcxitems*{1189d6dc-2360-4a15-a801-ba930ea561a6}*SharedItemsImports = 9
		Day3_CrossedWires_Common\Day3_CrossedWires_Common.vcxitems*{167e32cb-ce35-438d-b326-7acf944bb034}*SharedItemsImports = 4
		Day1_TheTyrannyOfTheRocketEquation_Common\Day1_TheTyrannyOfTheRocketEquation_Common.vcxitems*{54d97016-a6c0-4de7-bf9b-c958b05bf053}*SharedItemsImports = 4
		Day2_1202ProgramAlarm_Common\Day2_1202ProgramAlarm_Common.vcxitems*{67bcafc4-883f-4a33-a949-293861a69f7a}*SharedItemsImports = 4
		Day3_CrossedWires_Common\Day3_CrossedWires_Common.vcxitems*{8ba96379-c2b5-4584-8167-be69dbae8b07}*SharedItemsImports = 9
		Day1_TheTyrannyOfTheRocketEquation_Common\Day1_TheTyrannyOfTheRocketEquation_Common.vcxitems*{9a7cc873-2810-43bd-b77e-930792178233}*SharedItemsImports = 9
		Day3_CrossedWires_Common\Day3_CrossedWires_Common.vcxitems*{9c02e36f-8106-45a5-b701-24e385ced207}*SharedItemsImports = 4
		Day2_1202ProgramAlarm_Common\Day2_1202ProgramAlarm_Common.vcxitems*{ab8f8870-2210-416b-8e83-45255504a847}*SharedItemsImports = 4
		Day4_SecureContainer_Common\Day4_SecureContainer_Common.vcxitems*{d0a1bff6-d601-4019-9487-8b972ff5d431}*SharedItemsImports = 9
		Day4_SecureContainer_Common\Day4_SecureContainer_Common.vcxitems*{edc90e46-1755-4192-a255-cb22eacfd27e}*SharedItemsImports = 4
	EndGlobalSection
	GlobalSection(SolutionConfigurationPlatforms) = preSolution
		Debug|x64 = Debug|x64
		Debug|x86 = Debug|x86
		Release|x64 = Release|x64
		Release|x86 = Release|x86
	EndGlobalSection
	GlobalSection(ProjectConfigurationPlatforms) = postSolution
		{54D97016-A6C0-4DE7-BF9B-C958B05BF053}.Debug|x64.ActiveCfg = Debug|x64
		{54D97016-A6C0-4DE7-BF9B-C958B05BF053}.Debug|x64.Build.0 = Debug|x64
		{54D97016-A6C0-4DE7-BF9B-C958B05BF053}.Debug|x86.ActiveCfg = Debug|Win32
		{54D97016-A6C0-4DE7-BF9B-C958B05BF053}.Debug|x86.Build.0 = Debug|Win32
		{54D97016-A6C0-4DE7-BF9B-C958B05BF053}.Release|x64.ActiveCfg = Release|x64
		{54D97016-A6C0-4DE7-BF9B-C958B05BF053}.Release|x64.Build.0 = Release|x64
		{54D97016-A6C0-4DE7-BF9B-C958B05BF053}.Release|x86.ActiveCfg = Release|Win32
		{54D97016-A6C0-4DE7-BF9B-C958B05BF053}.Release|x86.Build.0 = Release|Win32
		{1157CC08-F041-4F6D-9308-D5C42C0868F0}.Debug|x64.ActiveCfg = Debug|x64
		{1157CC08-F041-4F6D-9308-D5C42C0868F0}.Debug|x64.Build.0 = Debug|x64
		{1157CC08-F041-4F6D-9308-D5C42C0868F0}.Debug|x86.ActiveCfg = Debug|Win32
		{1157CC08-F041-4F6D-9308-D5C42C0868F0}.Debug|x86.Build.0 = Debug|Win32
		{1157CC08-F041-4F6D-9308-D5C42C0868F0}.Release|x64.ActiveCfg = Release|x64
		{1157CC08-F041-4F6D-9308-D5C42C0868F0}.Release|x64.Build.0 = Release|x64
		{1157CC08-F041-4F6D-9308-D5C42C0868F0}.Release|x86.ActiveCfg = Release|Win32
		{1157CC08-F041-4F6D-9308-D5C42C0868F0}.Release|x86.Build.0 = Release|Win32
		{AB8F8870-2210-416B-8E83-45255504A847}.Debug|x64.ActiveCfg = Debug|x64
		{AB8F8870-2210-416B-8E83-45255504A847}.Debug|x64.Build.0 = Debug|x64
		{AB8F8870-2210-416B-8E83-45255504A847}.Debug|x86.ActiveCfg = Debug|Win32
		{AB8F8870-2210-416B-8E83-45255504A847}.Debug|x86.Build.0 = Debug|Win32
		{AB8F8870-2210-416B-8E83-45255504A847}.Release|x64.ActiveCfg = Release|x64
		{AB8F8870-2210-416B-8E83-45255504A847}.Release|x64.Build.0 = Release|x64
		{AB8F8870-2210-416B-8E83-45255504A847}.Release|x86.ActiveCfg = Release|Win32
		{AB8F8870-2210-416B-8E83-45255504A847}.Release|x86.Build.0 = Release|Win32
		{67BCAFC4-883F-4A33-A949-293861A69F7A}.Debug|x64.ActiveCfg = Debug|x64
		{67BCAFC4-883F-4A33-A949-293861A69F7A}.Debug|x64.Build.0 = Debug|x64
		{67BCAFC4-883F-4A33-A949-293861A69F7A}.Debug|x86.ActiveCfg = Debug|Win32
		{67BCAFC4-883F-4A33-A949-293861A69F7A}.Debug|x86.Build.0 = Debug|Win32
		{67BCAFC4-883F-4A33-A949-293861A69F7A}.Release|x64.ActiveCfg = Release|x64
		{67BCAFC4-883F-4A33-A949-293861A69F7A}.Release|x64.Build.0 = Release|x64
		{67BCAFC4-883F-4A33-A949-293861A69F7A}.Release|x86.ActiveCfg = Release|Win32
		{67BCAFC4-883F-4A33-A949-293861A69F7A}.Release|x86.Build.0 = Release|Win32
		{167E32CB-CE35-438D-B326-7ACF944BB034}.Debug|x64.ActiveCfg = Debug|x64
		{167E32CB-CE35-438D-B326-7ACF944BB034}.Debug|x64.Build.0 = Debug|x64
		{167E32CB-CE35-438D-B326-7ACF944BB034}.Debug|x86.ActiveCfg = Debug|Win32
		{167E32CB-CE35-438D-B326-7ACF944BB034}.Debug|x86.Build.0 = Debug|Win32
		{167E32CB-CE35-438D-B326-7ACF944BB034}.Release|x64.ActiveCfg = Release|x64
		{167E32CB-CE35-438D-B326-7ACF944BB034}.Release|x64.Build.0 = Release|x64
		{167E32CB-CE35-438D-B326-7ACF944BB034}.Release|x86.ActiveCfg = Release|Win32
		{167E32CB-CE35-438D-B326-7ACF944BB034}.Release|x86.Build.0 = Release|Win32
		{9C02E36F-8106-45A5-B701-24E385CED207}.Debug|x64.ActiveCfg = Debug|x64
		{9C02E36F-8106-45A5-B701-24E385CED207}.Debug|x64.Build.0 = Debug|x64
		{9C02E36F-8106-45A5-B701-24E385CED207}.Debug|x86.ActiveCfg = Debug|Win32
		{9C02E36F-8106-45A5-B701-24E385CED207}.Debug|x86.Build.0 = Debug|Win32
		{9C02E36F-8106-45A5-B701-24E385CED207}.Release|x64.ActiveCfg = Release|x64
		{9C02E36F-8106-45A5-B701-24E385CED207}.Release|x64.Build.0 = Release|x64
		{9C02E36F-8106-45A5-B701-24E385CED207}.Release|x86.ActiveCfg = Release|Win32
		{9C02E36F-8106-45A5-B701-24E385CED207}.Release|x86.Build.0 = Release|Win32
		{EDC90E46-1755-4192-A255-CB22EACFD27E}.Debug|x64.ActiveCfg = Debug|x64
		{EDC90E46-1755-4192-A255-CB22EACFD27E}.Debug|x64.Build.0 = Debug|x64
		{EDC90E46-1755-4192-A255-CB22EACFD27E}.Debug|x86.ActiveCfg = Debug|Win32
		{EDC90E46-1755-4192-A255-CB22EACFD27E}.Debug|x86.Build.0 = Debug|Win32
		{EDC90E46-1755-4192-A255-CB22EACFD27E}.Release|x64.ActiveCfg = Release|x64
		{EDC90E46-1755-4192-A255-CB22EACFD27E}.Release|x64.Build.0 = Release|x64
		{EDC90E46-1755-4192-A255-CB22EACFD27E}.Release|x86.ActiveCfg = Release|Win32
		{EDC90E46-1755-4192-A255-CB22EACFD27E}.Release|x86.Build.0 = Release|Win32
	EndGlobalSection
	GlobalSection(SolutionProperties) = preSolution
		HideSolutionNode = FALSE
	EndGlobalSection
	GlobalSection(ExtensibilityGlobals) = postSolution
		SolutionGuid = {0AEC19C5-066E-4533-A2F8-201B08952AA0}
	EndGlobalSection
EndGlobal
