
Microsoft Visual Studio Solution File, Format Version 12.00
# Visual Studio Version 16
VisualStudioVersion = 16.0.29519.87
MinimumVisualStudioVersion = 10.0.40219.1
Project("{8BC9CEB8-8B4A-11D0-8D11-00A0C91BC942}") = "Day1_TheTyrannyOfTheRocketEquation_Part1", "Day1_TheTyrannyOfTheRocketEquation_Part1\Day1_TheTyrannyOfTheRocketEquation_Part1.vcxproj", "{54D97016-A6C0-4DE7-BF9B-C958B05BF053}"
EndProject
Project("{8BC9CEB8-8B4A-11D0-8D11-00A0C91BC942}") = "Day1_TheTyrannyOfTheRocketEquation_Common", "Day1_TheTyrannyOfTheRocketEquation_Common\Day1_TheTyrannyOfTheRocketEquation_Common.vcxitems", "{9A7CC873-2810-43BD-B77E-930792178233}"
EndProject
Project("{8BC9CEB8-8B4A-11D0-8D11-00A0C91BC942}") = "Day1_TheTyrannyOfTheRocketEquation_Part2", "Day1_TheTyrannyOfTheRocketEquation_Part2\Day1_TheTyrannyOfTheRocketEquation_Part2.vcxproj", "{1157CC08-F041-4F6D-9308-D5C42C0868F0}"
EndProject
Project("{8BC9CEB8-8B4A-11D0-8D11-00A0C91BC942}") = "Day2_1202ProgramAlarm_Common", "Day2_1202ProgramAlarm_Common\Day2_1202ProgramAlarm_Common.vcxitems", "{1189D6DC-2360-4A15-A801-BA930EA561A6}"
EndProject
Project("{8BC9CEB8-8B4A-11D0-8D11-00A0C91BC942}") = "Day2_1202ProgramAlarm_Part1", "Day2_1202ProgramAlarm_Part1\Day2_1202ProgramAlarm_Part1.vcxproj", "{AB8F8870-2210-416B-8E83-45255504A847}"
EndProject
Project("{8BC9CEB8-8B4A-11D0-8D11-00A0C91BC942}") = "Day2_1202ProgramAlarm_Part2", "Day2_1202ProgramAlarm_Part2\Day2_1202ProgramAlarm_Part2.vcxproj", "{67BCAFC4-883F-4A33-A949-293861A69F7A}"
EndProject
Project("{8BC9CEB8-8B4A-11D0-8D11-00A0C91BC942}") = "Day3_CrossedWires_Common", "Day3_CrossedWires_Common\Day3_CrossedWires_Common.vcxitems", "{8BA96379-C2B5-4584-8167-BE69DBAE8B07}"
EndProject
Project("{8BC9CEB8-8B4A-11D0-8D11-00A0C91BC942}") = "Day3_CrossedWires_Part1", "Day3_CrossedWires_Part1\Day3_CrossedWires_Part1.vcxproj", "{167E32CB-CE35-438D-B326-7ACF944BB034}"
EndProject
Project("{8BC9CEB8-8B4A-11D0-8D11-00A0C91BC942}") = "Day3_CrossedWires_Part2", "Day3_CrossedWires_Part2\Day3_CrossedWires_Part2.vcxproj", "{9C02E36F-8106-45A5-B701-24E385CED207}"
EndProject
Project("{8BC9CEB8-8B4A-11D0-8D11-00A0C91BC942}") = "Day4_SecureContainer_Common", "Day4_SecureContainer_Common\Day4_SecureContainer_Common.vcxitems", "{D0A1BFF6-D601-4019-9487-8B972FF5D431}"
EndProject
Project("{8BC9CEB8-8B4A-11D0-8D11-00A0C91BC942}") = "Day4_SecureContainer_Part1", "Day4_SecureContainer_Part1\Day4_SecureContainer_Part1.vcxproj", "{EDC90E46-1755-4192-A255-CB22EACFD27E}"
EndProject
Project("{8BC9CEB8-8B4A-11D0-8D11-00A0C91BC942}") = "Day4_SecureContainer_Part2", "Day4_SecureContainer_Part2\Day4_SecureContainer_Part2.vcxproj", "{5764E6C3-D4D9-4020-9A69-158A63C9ECBD}"
EndProject
Project("{8BC9CEB8-8B4A-11D0-8D11-00A0C91BC942}") = "Day5_SunnyWithAChanceOfAsteroids_Common", "Day5_SunnyWithAChanceOfAsteroids_Common\Day5_SunnyWithAChanceOfAsteroids_Common.vcxitems", "{53211F07-CDCA-42BD-AD55-EAA83F17E817}"
EndProject
Project("{8BC9CEB8-8B4A-11D0-8D11-00A0C91BC942}") = "Day5_SunnyWithAChanceOfAsteroids_Part1", "Day5_SunnyWithAChanceOfAsteroids_Part1\Day5_SunnyWithAChanceOfAsteroids_Part1.vcxproj", "{14C9FE77-DE22-4C8D-BD74-523456D1BE10}"
EndProject
Project("{8BC9CEB8-8B4A-11D0-8D11-00A0C91BC942}") = "Day5_SunnyWithAChanceOfAsteroids_Part2", "Day5_SunnyWithAChanceOfAsteroids_Part2\Day5_SunnyWithAChanceOfAsteroids_Part2.vcxproj", "{5DEF7373-E317-4957-A825-D6B388D34D3B}"
EndProject
Project("{8BC9CEB8-8B4A-11D0-8D11-00A0C91BC942}") = "Day6_UniversalOrbitMap_Common", "Day6_UniversalOrbitMap_Common\Day6_UniversalOrbitMap_Common.vcxitems", "{84BF6E7B-705E-4A52-BE93-C4CBF7E8F214}"
EndProject
Project("{8BC9CEB8-8B4A-11D0-8D11-00A0C91BC942}") = "Day6_UniversalOrbitMap_Part1", "Day6_UniversalOrbitMap_Part1\Day6_UniversalOrbitMap_Part1.vcxproj", "{DD3284A7-E18B-41C3-B724-CA879000F1D0}"
EndProject
Project("{8BC9CEB8-8B4A-11D0-8D11-00A0C91BC942}") = "Day6_UniversalOrbitMap_Part2", "Day6_UniversalOrbitMap_Part2\Day6_UniversalOrbitMap_Part2.vcxproj", "{EBE6427F-D418-4AD6-A9EA-6D61B1EBB1B3}"
EndProject
Project("{8BC9CEB8-8B4A-11D0-8D11-00A0C91BC942}") = "Day7_AmplificationCircuit_Common", "Day7_AmplificationCircuit_Common\Day7_AmplificationCircuit_Common.vcxitems", "{758CFEDB-6FE8-426A-B31E-71457D28D3DD}"
EndProject
Project("{8BC9CEB8-8B4A-11D0-8D11-00A0C91BC942}") = "Day7_AmplificationCircuit_Part1", "Day7_AmplificationCircuit_Part1\Day7_AmplificationCircuit_Part1.vcxproj", "{C7B4C313-E00A-4CC8-A8B8-683967EC6F70}"
EndProject
Project("{8BC9CEB8-8B4A-11D0-8D11-00A0C91BC942}") = "Day7_AmplificationCircuit_Part2", "Day7_AmplificationCircuit_Part2\Day7_AmplificationCircuit_Part2.vcxproj", "{A7BAD0B6-8F3B-4B87-A956-E44716732A44}"
EndProject
Project("{8BC9CEB8-8B4A-11D0-8D11-00A0C91BC942}") = "Day8_SpaceImageFormat_Common", "Day8_SpaceImageFormat_Common\Day8_SpaceImageFormat_Common.vcxitems", "{FED58C76-BC7F-4109-93EF-B932AEBA9A57}"
EndProject
Project("{8BC9CEB8-8B4A-11D0-8D11-00A0C91BC942}") = "Day8_SpaceImageFormat_Part1", "Day8_SpaceImageFormat_Part1\Day8_SpaceImageFormat_Part1.vcxproj", "{39173D58-EAFB-4965-BC40-3F53EB9F7BF2}"
EndProject
Project("{8BC9CEB8-8B4A-11D0-8D11-00A0C91BC942}") = "Day8_SpaceImageFormat_Part2", "Day8_SpaceImageFormat_Part2\Day8_SpaceImageFormat_Part2.vcxproj", "{73795AF6-D193-441C-A1C8-74AE371229A7}"
EndProject
Global
	GlobalSection(SharedMSBuildProjectFiles) = preSolution
		Day1_TheTyrannyOfTheRocketEquation_Common\Day1_TheTyrannyOfTheRocketEquation_Common.vcxitems*{1157cc08-f041-4f6d-9308-d5c42c0868f0}*SharedItemsImports = 4
		Day2_1202ProgramAlarm_Common\Day2_1202ProgramAlarm_Common.vcxitems*{1189d6dc-2360-4a15-a801-ba930ea561a6}*SharedItemsImports = 9
		Day5_SunnyWithAChanceOfAsteroids_Common\Day5_SunnyWithAChanceOfAsteroids_Common.vcxitems*{14c9fe77-de22-4c8d-bd74-523456d1be10}*SharedItemsImports = 4
		Day3_CrossedWires_Common\Day3_CrossedWires_Common.vcxitems*{167e32cb-ce35-438d-b326-7acf944bb034}*SharedItemsImports = 4
		Day8_SpaceImageFormat_Common\Day8_SpaceImageFormat_Common.vcxitems*{39173d58-eafb-4965-bc40-3f53eb9f7bf2}*SharedItemsImports = 4
		Day5_SunnyWithAChanceOfAsteroids_Common\Day5_SunnyWithAChanceOfAsteroids_Common.vcxitems*{53211f07-cdca-42bd-ad55-eaa83f17e817}*SharedItemsImports = 9
		Day1_TheTyrannyOfTheRocketEquation_Common\Day1_TheTyrannyOfTheRocketEquation_Common.vcxitems*{54d97016-a6c0-4de7-bf9b-c958b05bf053}*SharedItemsImports = 4
		Day4_SecureContainer_Common\Day4_SecureContainer_Common.vcxitems*{5764e6c3-d4d9-4020-9a69-158a63c9ecbd}*SharedItemsImports = 4
		Day5_SunnyWithAChanceOfAsteroids_Common\Day5_SunnyWithAChanceOfAsteroids_Common.vcxitems*{5def7373-e317-4957-a825-d6b388d34d3b}*SharedItemsImports = 4
		Day2_1202ProgramAlarm_Common\Day2_1202ProgramAlarm_Common.vcxitems*{67bcafc4-883f-4a33-a949-293861a69f7a}*SharedItemsImports = 4
		Day8_SpaceImageFormat_Common\Day8_SpaceImageFormat_Common.vcxitems*{73795af6-d193-441c-a1c8-74ae371229a7}*SharedItemsImports = 4
		Day7_AmplificationCircuit_Common\Day7_AmplificationCircuit_Common.vcxitems*{758cfedb-6fe8-426a-b31e-71457d28d3dd}*SharedItemsImports = 9
		Day6_UniversalOrbitMap_Common\Day6_UniversalOrbitMap_Common.vcxitems*{84bf6e7b-705e-4a52-be93-c4cbf7e8f214}*SharedItemsImports = 9
		Day3_CrossedWires_Common\Day3_CrossedWires_Common.vcxitems*{8ba96379-c2b5-4584-8167-be69dbae8b07}*SharedItemsImports = 9
		Day1_TheTyrannyOfTheRocketEquation_Common\Day1_TheTyrannyOfTheRocketEquation_Common.vcxitems*{9a7cc873-2810-43bd-b77e-930792178233}*SharedItemsImports = 9
		Day3_CrossedWires_Common\Day3_CrossedWires_Common.vcxitems*{9c02e36f-8106-45a5-b701-24e385ced207}*SharedItemsImports = 4
		Day7_AmplificationCircuit_Common\Day7_AmplificationCircuit_Common.vcxitems*{a7bad0b6-8f3b-4b87-a956-e44716732a44}*SharedItemsImports = 4
		Day2_1202ProgramAlarm_Common\Day2_1202ProgramAlarm_Common.vcxitems*{ab8f8870-2210-416b-8e83-45255504a847}*SharedItemsImports = 4
		Day7_AmplificationCircuit_Common\Day7_AmplificationCircuit_Common.vcxitems*{c7b4c313-e00a-4cc8-a8b8-683967ec6f70}*SharedItemsImports = 4
		Day4_SecureContainer_Common\Day4_SecureContainer_Common.vcxitems*{d0a1bff6-d601-4019-9487-8b972ff5d431}*SharedItemsImports = 9
		Day6_UniversalOrbitMap_Common\Day6_UniversalOrbitMap_Common.vcxitems*{dd3284a7-e18b-41c3-b724-ca879000f1d0}*SharedItemsImports = 4
		Day6_UniversalOrbitMap_Common\Day6_UniversalOrbitMap_Common.vcxitems*{ebe6427f-d418-4ad6-a9ea-6d61b1ebb1b3}*SharedItemsImports = 4
		Day4_SecureContainer_Common\Day4_SecureContainer_Common.vcxitems*{edc90e46-1755-4192-a255-cb22eacfd27e}*SharedItemsImports = 4
		Day8_SpaceImageFormat_Common\Day8_SpaceImageFormat_Common.vcxitems*{fed58c76-bc7f-4109-93ef-b932aeba9a57}*SharedItemsImports = 9
	EndGlobalSection
	GlobalSection(SolutionConfigurationPlatforms) = preSolution
		Debug|x64 = Debug|x64
		Debug|x86 = Debug|x86
		Release|x64 = Release|x64
		Release|x86 = Release|x86
	EndGlobalSection
	GlobalSection(ProjectConfigurationPlatforms) = postSolution
		{54D97016-A6C0-4DE7-BF9B-C958B05BF053}.Debug|x64.ActiveCfg = Debug|x64
		{54D97016-A6C0-4DE7-BF9B-C958B05BF053}.Debug|x64.Build.0 = Debug|x64
		{54D97016-A6C0-4DE7-BF9B-C958B05BF053}.Debug|x86.ActiveCfg = Debug|Win32
		{54D97016-A6C0-4DE7-BF9B-C958B05BF053}.Debug|x86.Build.0 = Debug|Win32
		{54D97016-A6C0-4DE7-BF9B-C958B05BF053}.Release|x64.ActiveCfg = Release|x64
		{54D97016-A6C0-4DE7-BF9B-C958B05BF053}.Release|x64.Build.0 = Release|x64
		{54D97016-A6C0-4DE7-BF9B-C958B05BF053}.Release|x86.ActiveCfg = Release|Win32
		{54D97016-A6C0-4DE7-BF9B-C958B05BF053}.Release|x86.Build.0 = Release|Win32
		{1157CC08-F041-4F6D-9308-D5C42C0868F0}.Debug|x64.ActiveCfg = Debug|x64
		{1157CC08-F041-4F6D-9308-D5C42C0868F0}.Debug|x64.Build.0 = Debug|x64
		{1157CC08-F041-4F6D-9308-D5C42C0868F0}.Debug|x86.ActiveCfg = Debug|Win32
		{1157CC08-F041-4F6D-9308-D5C42C0868F0}.Debug|x86.Build.0 = Debug|Win32
		{1157CC08-F041-4F6D-9308-D5C42C0868F0}.Release|x64.ActiveCfg = Release|x64
		{1157CC08-F041-4F6D-9308-D5C42C0868F0}.Release|x64.Build.0 = Release|x64
		{1157CC08-F041-4F6D-9308-D5C42C0868F0}.Release|x86.ActiveCfg = Release|Win32
		{1157CC08-F041-4F6D-9308-D5C42C0868F0}.Release|x86.Build.0 = Release|Win32
		{AB8F8870-2210-416B-8E83-45255504A847}.Debug|x64.ActiveCfg = Debug|x64
		{AB8F8870-2210-416B-8E83-45255504A847}.Debug|x64.Build.0 = Debug|x64
		{AB8F8870-2210-416B-8E83-45255504A847}.Debug|x86.ActiveCfg = Debug|Win32
		{AB8F8870-2210-416B-8E83-45255504A847}.Debug|x86.Build.0 = Debug|Win32
		{AB8F8870-2210-416B-8E83-45255504A847}.Release|x64.ActiveCfg = Release|x64
		{AB8F8870-2210-416B-8E83-45255504A847}.Release|x64.Build.0 = Release|x64
		{AB8F8870-2210-416B-8E83-45255504A847}.Release|x86.ActiveCfg = Release|Win32
		{AB8F8870-2210-416B-8E83-45255504A847}.Release|x86.Build.0 = Release|Win32
		{67BCAFC4-883F-4A33-A949-293861A69F7A}.Debug|x64.ActiveCfg = Debug|x64
		{67BCAFC4-883F-4A33-A949-293861A69F7A}.Debug|x64.Build.0 = Debug|x64
		{67BCAFC4-883F-4A33-A949-293861A69F7A}.Debug|x86.ActiveCfg = Debug|Win32
		{67BCAFC4-883F-4A33-A949-293861A69F7A}.Debug|x86.Build.0 = Debug|Win32
		{67BCAFC4-883F-4A33-A949-293861A69F7A}.Release|x64.ActiveCfg = Release|x64
		{67BCAFC4-883F-4A33-A949-293861A69F7A}.Release|x64.Build.0 = Release|x64
		{67BCAFC4-883F-4A33-A949-293861A69F7A}.Release|x86.ActiveCfg = Release|Win32
		{67BCAFC4-883F-4A33-A949-293861A69F7A}.Release|x86.Build.0 = Release|Win32
		{167E32CB-CE35-438D-B326-7ACF944BB034}.Debug|x64.ActiveCfg = Debug|x64
		{167E32CB-CE35-438D-B326-7ACF944BB034}.Debug|x64.Build.0 = Debug|x64
		{167E32CB-CE35-438D-B326-7ACF944BB034}.Debug|x86.ActiveCfg = Debug|Win32
		{167E32CB-CE35-438D-B326-7ACF944BB034}.Debug|x86.Build.0 = Debug|Win32
		{167E32CB-CE35-438D-B326-7ACF944BB034}.Release|x64.ActiveCfg = Release|x64
		{167E32CB-CE35-438D-B326-7ACF944BB034}.Release|x64.Build.0 = Release|x64
		{167E32CB-CE35-438D-B326-7ACF944BB034}.Release|x86.ActiveCfg = Release|Win32
		{167E32CB-CE35-438D-B326-7ACF944BB034}.Release|x86.Build.0 = Release|Win32
		{9C02E36F-8106-45A5-B701-24E385CED207}.Debug|x64.ActiveCfg = Debug|x64
		{9C02E36F-8106-45A5-B701-24E385CED207}.Debug|x64.Build.0 = Debug|x64
		{9C02E36F-8106-45A5-B701-24E385CED207}.Debug|x86.ActiveCfg = Debug|Win32
		{9C02E36F-8106-45A5-B701-24E385CED207}.Debug|x86.Build.0 = Debug|Win32
		{9C02E36F-8106-45A5-B701-24E385CED207}.Release|x64.ActiveCfg = Release|x64
		{9C02E36F-8106-45A5-B701-24E385CED207}.Release|x64.Build.0 = Release|x64
		{9C02E36F-8106-45A5-B701-24E385CED207}.Release|x86.ActiveCfg = Release|Win32
		{9C02E36F-8106-45A5-B701-24E385CED207}.Release|x86.Build.0 = Release|Win32
		{EDC90E46-1755-4192-A255-CB22EACFD27E}.Debug|x64.ActiveCfg = Debug|x64
		{EDC90E46-1755-4192-A255-CB22EACFD27E}.Debug|x64.Build.0 = Debug|x64
		{EDC90E46-1755-4192-A255-CB22EACFD27E}.Debug|x86.ActiveCfg = Debug|Win32
		{EDC90E46-1755-4192-A255-CB22EACFD27E}.Debug|x86.Build.0 = Debug|Win32
		{EDC90E46-1755-4192-A255-CB22EACFD27E}.Release|x64.ActiveCfg = Release|x64
		{EDC90E46-1755-4192-A255-CB22EACFD27E}.Release|x64.Build.0 = Release|x64
		{EDC90E46-1755-4192-A255-CB22EACFD27E}.Release|x86.ActiveCfg = Release|Win32
		{EDC90E46-1755-4192-A255-CB22EACFD27E}.Release|x86.Build.0 = Release|Win32
		{5764E6C3-D4D9-4020-9A69-158A63C9ECBD}.Debug|x64.ActiveCfg = Debug|x64
		{5764E6C3-D4D9-4020-9A69-158A63C9ECBD}.Debug|x64.Build.0 = Debug|x64
		{5764E6C3-D4D9-4020-9A69-158A63C9ECBD}.Debug|x86.ActiveCfg = Debug|Win32
		{5764E6C3-D4D9-4020-9A69-158A63C9ECBD}.Debug|x86.Build.0 = Debug|Win32
		{5764E6C3-D4D9-4020-9A69-158A63C9ECBD}.Release|x64.ActiveCfg = Release|x64
		{5764E6C3-D4D9-4020-9A69-158A63C9ECBD}.Release|x64.Build.0 = Release|x64
		{5764E6C3-D4D9-4020-9A69-158A63C9ECBD}.Release|x86.ActiveCfg = Release|Win32
		{5764E6C3-D4D9-4020-9A69-158A63C9ECBD}.Release|x86.Build.0 = Release|Win32
		{14C9FE77-DE22-4C8D-BD74-523456D1BE10}.Debug|x64.ActiveCfg = Debug|x64
		{14C9FE77-DE22-4C8D-BD74-523456D1BE10}.Debug|x64.Build.0 = Debug|x64
		{14C9FE77-DE22-4C8D-BD74-523456D1BE10}.Debug|x86.ActiveCfg = Debug|Win32
		{14C9FE77-DE22-4C8D-BD74-523456D1BE10}.Debug|x86.Build.0 = Debug|Win32
		{14C9FE77-DE22-4C8D-BD74-523456D1BE10}.Release|x64.ActiveCfg = Release|x64
		{14C9FE77-DE22-4C8D-BD74-523456D1BE10}.Release|x64.Build.0 = Release|x64
		{14C9FE77-DE22-4C8D-BD74-523456D1BE10}.Release|x86.ActiveCfg = Release|Win32
		{14C9FE77-DE22-4C8D-BD74-523456D1BE10}.Release|x86.Build.0 = Release|Win32
		{5DEF7373-E317-4957-A825-D6B388D34D3B}.Debug|x64.ActiveCfg = Debug|x64
		{5DEF7373-E317-4957-A825-D6B388D34D3B}.Debug|x64.Build.0 = Debug|x64
		{5DEF7373-E317-4957-A825-D6B388D34D3B}.Debug|x86.ActiveCfg = Debug|Win32
		{5DEF7373-E317-4957-A825-D6B388D34D3B}.Debug|x86.Build.0 = Debug|Win32
		{5DEF7373-E317-4957-A825-D6B388D34D3B}.Release|x64.ActiveCfg = Release|x64
		{5DEF7373-E317-4957-A825-D6B388D34D3B}.Release|x64.Build.0 = Release|x64
		{5DEF7373-E317-4957-A825-D6B388D34D3B}.Release|x86.ActiveCfg = Release|Win32
		{5DEF7373-E317-4957-A825-D6B388D34D3B}.Release|x86.Build.0 = Release|Win32
		{DD3284A7-E18B-41C3-B724-CA879000F1D0}.Debug|x64.ActiveCfg = Debug|x64
		{DD3284A7-E18B-41C3-B724-CA879000F1D0}.Debug|x64.Build.0 = Debug|x64
		{DD3284A7-E18B-41C3-B724-CA879000F1D0}.Debug|x86.ActiveCfg = Debug|Win32
		{DD3284A7-E18B-41C3-B724-CA879000F1D0}.Debug|x86.Build.0 = Debug|Win32
		{DD3284A7-E18B-41C3-B724-CA879000F1D0}.Release|x64.ActiveCfg = Release|x64
		{DD3284A7-E18B-41C3-B724-CA879000F1D0}.Release|x64.Build.0 = Release|x64
		{DD3284A7-E18B-41C3-B724-CA879000F1D0}.Release|x86.ActiveCfg = Release|Win32
		{DD3284A7-E18B-41C3-B724-CA879000F1D0}.Release|x86.Build.0 = Release|Win32
		{EBE6427F-D418-4AD6-A9EA-6D61B1EBB1B3}.Debug|x64.ActiveCfg = Debug|x64
		{EBE6427F-D418-4AD6-A9EA-6D61B1EBB1B3}.Debug|x64.Build.0 = Debug|x64
		{EBE6427F-D418-4AD6-A9EA-6D61B1EBB1B3}.Debug|x86.ActiveCfg = Debug|Win32
		{EBE6427F-D418-4AD6-A9EA-6D61B1EBB1B3}.Debug|x86.Build.0 = Debug|Win32
		{EBE6427F-D418-4AD6-A9EA-6D61B1EBB1B3}.Release|x64.ActiveCfg = Release|x64
		{EBE6427F-D418-4AD6-A9EA-6D61B1EBB1B3}.Release|x64.Build.0 = Release|x64
		{EBE6427F-D418-4AD6-A9EA-6D61B1EBB1B3}.Release|x86.ActiveCfg = Release|Win32
		{EBE6427F-D418-4AD6-A9EA-6D61B1EBB1B3}.Release|x86.Build.0 = Release|Win32
		{C7B4C313-E00A-4CC8-A8B8-683967EC6F70}.Debug|x64.ActiveCfg = Debug|x64
		{C7B4C313-E00A-4CC8-A8B8-683967EC6F70}.Debug|x64.Build.0 = Debug|x64
		{C7B4C313-E00A-4CC8-A8B8-683967EC6F70}.Debug|x86.ActiveCfg = Debug|Win32
		{C7B4C313-E00A-4CC8-A8B8-683967EC6F70}.Debug|x86.Build.0 = Debug|Win32
		{C7B4C313-E00A-4CC8-A8B8-683967EC6F70}.Release|x64.ActiveCfg = Release|x64
		{C7B4C313-E00A-4CC8-A8B8-683967EC6F70}.Release|x64.Build.0 = Release|x64
		{C7B4C313-E00A-4CC8-A8B8-683967EC6F70}.Release|x86.ActiveCfg = Release|Win32
		{C7B4C313-E00A-4CC8-A8B8-683967EC6F70}.Release|x86.Build.0 = Release|Win32
		{A7BAD0B6-8F3B-4B87-A956-E44716732A44}.Debug|x64.ActiveCfg = Debug|x64
		{A7BAD0B6-8F3B-4B87-A956-E44716732A44}.Debug|x64.Build.0 = Debug|x64
		{A7BAD0B6-8F3B-4B87-A956-E44716732A44}.Debug|x86.ActiveCfg = Debug|Win32
		{A7BAD0B6-8F3B-4B87-A956-E44716732A44}.Debug|x86.Build.0 = Debug|Win32
		{A7BAD0B6-8F3B-4B87-A956-E44716732A44}.Release|x64.ActiveCfg = Release|x64
		{A7BAD0B6-8F3B-4B87-A956-E44716732A44}.Release|x64.Build.0 = Release|x64
		{A7BAD0B6-8F3B-4B87-A956-E44716732A44}.Release|x86.ActiveCfg = Release|Win32
		{A7BAD0B6-8F3B-4B87-A956-E44716732A44}.Release|x86.Build.0 = Release|Win32
		{39173D58-EAFB-4965-BC40-3F53EB9F7BF2}.Debug|x64.ActiveCfg = Debug|x64
		{39173D58-EAFB-4965-BC40-3F53EB9F7BF2}.Debug|x64.Build.0 = Debug|x64
		{39173D58-EAFB-4965-BC40-3F53EB9F7BF2}.Debug|x86.ActiveCfg = Debug|Win32
		{39173D58-EAFB-4965-BC40-3F53EB9F7BF2}.Debug|x86.Build.0 = Debug|Win32
		{39173D58-EAFB-4965-BC40-3F53EB9F7BF2}.Release|x64.ActiveCfg = Release|x64
		{39173D58-EAFB-4965-BC40-3F53EB9F7BF2}.Release|x64.Build.0 = Release|x64
		{39173D58-EAFB-4965-BC40-3F53EB9F7BF2}.Release|x86.ActiveCfg = Release|Win32
		{39173D58-EAFB-4965-BC40-3F53EB9F7BF2}.Release|x86.Build.0 = Release|Win32
		{73795AF6-D193-441C-A1C8-74AE371229A7}.Debug|x64.ActiveCfg = Debug|x64
		{73795AF6-D193-441C-A1C8-74AE371229A7}.Debug|x64.Build.0 = Debug|x64
		{73795AF6-D193-441C-A1C8-74AE371229A7}.Debug|x86.ActiveCfg = Debug|Win32
		{73795AF6-D193-441C-A1C8-74AE371229A7}.Debug|x86.Build.0 = Debug|Win32
		{73795AF6-D193-441C-A1C8-74AE371229A7}.Release|x64.ActiveCfg = Release|x64
		{73795AF6-D193-441C-A1C8-74AE371229A7}.Release|x64.Build.0 = Release|x64
		{73795AF6-D193-441C-A1C8-74AE371229A7}.Release|x86.ActiveCfg = Release|Win32
		{73795AF6-D193-441C-A1C8-74AE371229A7}.Release|x86.Build.0 = Release|Win32
	EndGlobalSection
	GlobalSection(SolutionProperties) = preSolution
		HideSolutionNode = FALSE
	EndGlobalSection
	GlobalSection(ExtensibilityGlobals) = postSolution
		SolutionGuid = {0AEC19C5-066E-4533-A2F8-201B08952AA0}
	EndGlobalSection
EndGlobal
