
Microsoft Visual Studio Solution File, Format Version 12.00
# Visual Studio Version 16
VisualStudioVersion = 16.0.29519.87
MinimumVisualStudioVersion = 10.0.40219.1
Project("{8BC9CEB8-8B4A-11D0-8D11-00A0C91BC942}") = "Day1_TheTyrannyOfTheRocketEquation_Part1", "Day1_TheTyrannyOfTheRocketEquation_Part1\Day1_TheTyrannyOfTheRocketEquation_Part1.vcxproj", "{54D97016-A6C0-4DE7-BF9B-C958B05BF053}"
EndProject
Project("{8BC9CEB8-8B4A-11D0-8D11-00A0C91BC942}") = "Day1_TheTyrannyOfTheRocketEquation_Common", "Day1_TheTyrannyOfTheRocketEquation_Common\Day1_TheTyrannyOfTheRocketEquation_Common.vcxitems", "{9A7CC873-2810-43BD-B77E-930792178233}"
EndProject
Project("{8BC9CEB8-8B4A-11D0-8D11-00A0C91BC942}") = "Day1_TheTyrannyOfTheRocketEquation_Part2", "Day1_TheTyrannyOfTheRocketEquation_Part2\Day1_TheTyrannyOfTheRocketEquation_Part2.vcxproj", "{1157CC08-F041-4F6D-9308-D5C42C0868F0}"
EndProject
Project("{8BC9CEB8-8B4A-11D0-8D11-00A0C91BC942}") = "Day2_1202ProgramAlarm_Common", "Day2_1202ProgramAlarm_Common\Day2_1202ProgramAlarm_Common.vcxitems", "{1189D6DC-2360-4A15-A801-BA930EA561A6}"
EndProject
Project("{8BC9CEB8-8B4A-11D0-8D11-00A0C91BC942}") = "Day2_1202ProgramAlarm_Part1", "Day2_1202ProgramAlarm_Part1\Day2_1202ProgramAlarm_Part1.vcxproj", "{AB8F8870-2210-416B-8E83-45255504A847}"
EndProject
Global
	GlobalSection(SharedMSBuildProjectFiles) = preSolution
		Day1_TheTyrannyOfTheRocketEquation_Common\Day1_TheTyrannyOfTheRocketEquation_Common.vcxitems*{1157cc08-f041-4f6d-9308-d5c42c0868f0}*SharedItemsImports = 4
		Day2_1202ProgramAlarm_Common\Day2_1202ProgramAlarm_Common.vcxitems*{1189d6dc-2360-4a15-a801-ba930ea561a6}*SharedItemsImports = 9
		Day1_TheTyrannyOfTheRocketEquation_Common\Day1_TheTyrannyOfTheRocketEquation_Common.vcxitems*{54d97016-a6c0-4de7-bf9b-c958b05bf053}*SharedItemsImports = 4
		Day1_TheTyrannyOfTheRocketEquation_Common\Day1_TheTyrannyOfTheRocketEquation_Common.vcxitems*{9a7cc873-2810-43bd-b77e-930792178233}*SharedItemsImports = 9
		Day2_1202ProgramAlarm_Common\Day2_1202ProgramAlarm_Common.vcxitems*{ab8f8870-2210-416b-8e83-45255504a847}*SharedItemsImports = 4
	EndGlobalSection
	GlobalSection(SolutionConfigurationPlatforms) = preSolution
		Debug|x64 = Debug|x64
		Debug|x86 = Debug|x86
		Release|x64 = Release|x64
		Release|x86 = Release|x86
	EndGlobalSection
	GlobalSection(ProjectConfigurationPlatforms) = postSolution
		{54D97016-A6C0-4DE7-BF9B-C958B05BF053}.Debug|x64.ActiveCfg = Debug|x64
		{54D97016-A6C0-4DE7-BF9B-C958B05BF053}.Debug|x64.Build.0 = Debug|x64
		{54D97016-A6C0-4DE7-BF9B-C958B05BF053}.Debug|x86.ActiveCfg = Debug|Win32
		{54D97016-A6C0-4DE7-BF9B-C958B05BF053}.Debug|x86.Build.0 = Debug|Win32
		{54D97016-A6C0-4DE7-BF9B-C958B05BF053}.Release|x64.ActiveCfg = Release|x64
		{54D97016-A6C0-4DE7-BF9B-C958B05BF053}.Release|x64.Build.0 = Release|x64
		{54D97016-A6C0-4DE7-BF9B-C958B05BF053}.Release|x86.ActiveCfg = Release|Win32
		{54D97016-A6C0-4DE7-BF9B-C958B05BF053}.Release|x86.Build.0 = Release|Win32
		{1157CC08-F041-4F6D-9308-D5C42C0868F0}.Debug|x64.ActiveCfg = Debug|x64
		{1157CC08-F041-4F6D-9308-D5C42C0868F0}.Debug|x64.Build.0 = Debug|x64
		{1157CC08-F041-4F6D-9308-D5C42C0868F0}.Debug|x86.ActiveCfg = Debug|Win32
		{1157CC08-F041-4F6D-9308-D5C42C0868F0}.Debug|x86.Build.0 = Debug|Win32
		{1157CC08-F041-4F6D-9308-D5C42C0868F0}.Release|x64.ActiveCfg = Release|x64
		{1157CC08-F041-4F6D-9308-D5C42C0868F0}.Release|x64.Build.0 = Release|x64
		{1157CC08-F041-4F6D-9308-D5C42C0868F0}.Release|x86.ActiveCfg = Release|Win32
		{1157CC08-F041-4F6D-9308-D5C42C0868F0}.Release|x86.Build.0 = Release|Win32
		{AB8F8870-2210-416B-8E83-45255504A847}.Debug|x64.ActiveCfg = Debug|x64
		{AB8F8870-2210-416B-8E83-45255504A847}.Debug|x64.Build.0 = Debug|x64
		{AB8F8870-2210-416B-8E83-45255504A847}.Debug|x86.ActiveCfg = Debug|Win32
		{AB8F8870-2210-416B-8E83-45255504A847}.Debug|x86.Build.0 = Debug|Win32
		{AB8F8870-2210-416B-8E83-45255504A847}.Release|x64.ActiveCfg = Release|x64
		{AB8F8870-2210-416B-8E83-45255504A847}.Release|x64.Build.0 = Release|x64
		{AB8F8870-2210-416B-8E83-45255504A847}.Release|x86.ActiveCfg = Release|Win32
		{AB8F8870-2210-416B-8E83-45255504A847}.Release|x86.Build.0 = Release|Win32
	EndGlobalSection
	GlobalSection(SolutionProperties) = preSolution
		HideSolutionNode = FALSE
	EndGlobalSection
	GlobalSection(ExtensibilityGlobals) = postSolution
		SolutionGuid = {0AEC19C5-066E-4533-A2F8-201B08952AA0}
	EndGlobalSection
EndGlobal
